
Microsoft Visual Studio Solution File, Format Version 12.00
# Visual Studio 15
VisualStudioVersion = 15.0.28307.106
MinimumVisualStudioVersion = 10.0.40219.1
Project("{FAE04EC0-301F-11D3-BF4B-00C04F79EFBC}") = "ConsoleDemo", "ConsoleDemo\ConsoleDemo.csproj", "{89C2858A-B65A-4C29-AB4B-D99CFCDBD07F}"
EndProject
Project("{2150E333-8FDC-42A3-9474-1A3956D46DE8}") = "Solution Items", "Solution Items", "{D2E377F5-AE69-4ED5-B7F9-F4C0BFC6C068}"
	ProjectSection(SolutionItems) = preProject
		FodyWeavers.xml = FodyWeavers.xml
	EndProjectSection
EndProject
Project("{9A19103F-16F7-4668-BE54-9A1E7A4F7556}") = "RealmModel", "RealmModel\RealmModel.csproj", "{63844455-11C0-4CD7-90D3-A3BC4ED50AE4}"
EndProject
Project("{FAE04EC0-301F-11D3-BF4B-00C04F79EFBC}") = "ConsoleDemoMigrations", "ConsoleDemoMigrations\ConsoleDemoMigrations.csproj", "{6AE6A9A9-AE7C-4122-9401-BAF58A96B29B}"
EndProject
Project("{FAE04EC0-301F-11D3-BF4B-00C04F79EFBC}") = "RealmModelMIgrations", "RealmModelMIgrations\RealmModelMIgrations.csproj", "{6CA9BCE7-53B2-4976-9595-A826A88D90F2}"
EndProject
Global
	GlobalSection(SolutionConfigurationPlatforms) = preSolution
		Debug|Any CPU = Debug|Any CPU
		Release|Any CPU = Release|Any CPU
	EndGlobalSection
	GlobalSection(ProjectConfigurationPlatforms) = postSolution
		{89C2858A-B65A-4C29-AB4B-D99CFCDBD07F}.Debug|Any CPU.ActiveCfg = Debug|Any CPU
		{89C2858A-B65A-4C29-AB4B-D99CFCDBD07F}.Debug|Any CPU.Build.0 = Debug|Any CPU
		{89C2858A-B65A-4C29-AB4B-D99CFCDBD07F}.Release|Any CPU.ActiveCfg = Release|Any CPU
		{89C2858A-B65A-4C29-AB4B-D99CFCDBD07F}.Release|Any CPU.Build.0 = Release|Any CPU
		{63844455-11C0-4CD7-90D3-A3BC4ED50AE4}.Debug|Any CPU.ActiveCfg = Debug|Any CPU
		{63844455-11C0-4CD7-90D3-A3BC4ED50AE4}.Debug|Any CPU.Build.0 = Debug|Any CPU
		{63844455-11C0-4CD7-90D3-A3BC4ED50AE4}.Release|Any CPU.ActiveCfg = Release|Any CPU
		{63844455-11C0-4CD7-90D3-A3BC4ED50AE4}.Release|Any CPU.Build.0 = Release|Any CPU
		{6AE6A9A9-AE7C-4122-9401-BAF58A96B29B}.Debug|Any CPU.ActiveCfg = Debug|Any CPU
		{6AE6A9A9-AE7C-4122-9401-BAF58A96B29B}.Debug|Any CPU.Build.0 = Debug|Any CPU
		{6AE6A9A9-AE7C-4122-9401-BAF58A96B29B}.Release|Any CPU.ActiveCfg = Release|Any CPU
		{6AE6A9A9-AE7C-4122-9401-BAF58A96B29B}.Release|Any CPU.Build.0 = Release|Any CPU
		{6CA9BCE7-53B2-4976-9595-A826A88D90F2}.Debug|Any CPU.ActiveCfg = Debug|Any CPU
		{6CA9BCE7-53B2-4976-9595-A826A88D90F2}.Debug|Any CPU.Build.0 = Debug|Any CPU
		{6CA9BCE7-53B2-4976-9595-A826A88D90F2}.Release|Any CPU.ActiveCfg = Release|Any CPU
		{6CA9BCE7-53B2-4976-9595-A826A88D90F2}.Release|Any CPU.Build.0 = Release|Any CPU
	EndGlobalSection
	GlobalSection(SolutionProperties) = preSolution
		HideSolutionNode = FALSE
	EndGlobalSection
	GlobalSection(ExtensibilityGlobals) = postSolution
		SolutionGuid = {A8C34D5C-A316-4F80-A5DD-5633EC13F956}
	EndGlobalSection
EndGlobal
