
Microsoft Visual Studio Solution File, Format Version 12.00
# Visual Studio 15
VisualStudioVersion = 15.0.28307.106
MinimumVisualStudioVersion = 10.0.40219.1
Project("{FAE04EC0-301F-11D3-BF4B-00C04F79EFBC}") = "XamarinForms_SyncTask.Android", "XamarinForms_SyncTask\XamarinForms_SyncTask.Android\XamarinForms_SyncTask.Android.csproj", "{F90717E3-8730-41C7-AC40-E058513B9E74}"
EndProject
Project("{FAE04EC0-301F-11D3-BF4B-00C04F79EFBC}") = "XamarinForms_SyncTask.iOS", "XamarinForms_SyncTask\XamarinForms_SyncTask.iOS\XamarinForms_SyncTask.iOS.csproj", "{EAE90240-A397-4646-91CA-5AB357C0871C}"
EndProject
Project("{FAE04EC0-301F-11D3-BF4B-00C04F79EFBC}") = "XamarinForms_SyncTask.UWP", "XamarinForms_SyncTask\XamarinForms_SyncTask.UWP\XamarinForms_SyncTask.UWP.csproj", "{E5F9776E-0956-41B6-8F6C-DF92D99CFF64}"
EndProject
Project("{9A19103F-16F7-4668-BE54-9A1E7A4F7556}") = "XamarinForms_SyncTask", "XamarinForms_SyncTask\XamarinForms_SyncTask\XamarinForms_SyncTask.csproj", "{C28FB65C-66E4-4535-BE49-5C07D5424561}"
EndProject
Global
	GlobalSection(SolutionConfigurationPlatforms) = preSolution
		Ad-Hoc|Any CPU = Ad-Hoc|Any CPU
		Ad-Hoc|ARM = Ad-Hoc|ARM
		Ad-Hoc|iPhone = Ad-Hoc|iPhone
		Ad-Hoc|iPhoneSimulator = Ad-Hoc|iPhoneSimulator
		Ad-Hoc|x64 = Ad-Hoc|x64
		Ad-Hoc|x86 = Ad-Hoc|x86
		AppStore|Any CPU = AppStore|Any CPU
		AppStore|ARM = AppStore|ARM
		AppStore|iPhone = AppStore|iPhone
		AppStore|iPhoneSimulator = AppStore|iPhoneSimulator
		AppStore|x64 = AppStore|x64
		AppStore|x86 = AppStore|x86
		Debug|Any CPU = Debug|Any CPU
		Debug|ARM = Debug|ARM
		Debug|iPhone = Debug|iPhone
		Debug|iPhoneSimulator = Debug|iPhoneSimulator
		Debug|x64 = Debug|x64
		Debug|x86 = Debug|x86
		Release|Any CPU = Release|Any CPU
		Release|ARM = Release|ARM
		Release|iPhone = Release|iPhone
		Release|iPhoneSimulator = Release|iPhoneSimulator
		Release|x64 = Release|x64
		Release|x86 = Release|x86
	EndGlobalSection
	GlobalSection(ProjectConfigurationPlatforms) = postSolution
		{F90717E3-8730-41C7-AC40-E058513B9E74}.Ad-Hoc|Any CPU.ActiveCfg = Release|Any CPU
		{F90717E3-8730-41C7-AC40-E058513B9E74}.Ad-Hoc|Any CPU.Build.0 = Release|Any CPU
		{F90717E3-8730-41C7-AC40-E058513B9E74}.Ad-Hoc|Any CPU.Deploy.0 = Release|Any CPU
		{F90717E3-8730-41C7-AC40-E058513B9E74}.Ad-Hoc|ARM.ActiveCfg = Release|Any CPU
		{F90717E3-8730-41C7-AC40-E058513B9E74}.Ad-Hoc|ARM.Build.0 = Release|Any CPU
		{F90717E3-8730-41C7-AC40-E058513B9E74}.Ad-Hoc|ARM.Deploy.0 = Release|Any CPU
		{F90717E3-8730-41C7-AC40-E058513B9E74}.Ad-Hoc|iPhone.ActiveCfg = Release|Any CPU
		{F90717E3-8730-41C7-AC40-E058513B9E74}.Ad-Hoc|iPhone.Build.0 = Release|Any CPU
		{F90717E3-8730-41C7-AC40-E058513B9E74}.Ad-Hoc|iPhone.Deploy.0 = Release|Any CPU
		{F90717E3-8730-41C7-AC40-E058513B9E74}.Ad-Hoc|iPhoneSimulator.ActiveCfg = Release|Any CPU
		{F90717E3-8730-41C7-AC40-E058513B9E74}.Ad-Hoc|iPhoneSimulator.Build.0 = Release|Any CPU
		{F90717E3-8730-41C7-AC40-E058513B9E74}.Ad-Hoc|iPhoneSimulator.Deploy.0 = Release|Any CPU
		{F90717E3-8730-41C7-AC40-E058513B9E74}.Ad-Hoc|x64.ActiveCfg = Release|Any CPU
		{F90717E3-8730-41C7-AC40-E058513B9E74}.Ad-Hoc|x64.Build.0 = Release|Any CPU
		{F90717E3-8730-41C7-AC40-E058513B9E74}.Ad-Hoc|x64.Deploy.0 = Release|Any CPU
		{F90717E3-8730-41C7-AC40-E058513B9E74}.Ad-Hoc|x86.ActiveCfg = Release|Any CPU
		{F90717E3-8730-41C7-AC40-E058513B9E74}.Ad-Hoc|x86.Build.0 = Release|Any CPU
		{F90717E3-8730-41C7-AC40-E058513B9E74}.Ad-Hoc|x86.Deploy.0 = Release|Any CPU
		{F90717E3-8730-41C7-AC40-E058513B9E74}.AppStore|Any CPU.ActiveCfg = Release|Any CPU
		{F90717E3-8730-41C7-AC40-E058513B9E74}.AppStore|Any CPU.Build.0 = Release|Any CPU
		{F90717E3-8730-41C7-AC40-E058513B9E74}.AppStore|Any CPU.Deploy.0 = Release|Any CPU
		{F90717E3-8730-41C7-AC40-E058513B9E74}.AppStore|ARM.ActiveCfg = Release|Any CPU
		{F90717E3-8730-41C7-AC40-E058513B9E74}.AppStore|ARM.Build.0 = Release|Any CPU
		{F90717E3-8730-41C7-AC40-E058513B9E74}.AppStore|ARM.Deploy.0 = Release|Any CPU
		{F90717E3-8730-41C7-AC40-E058513B9E74}.AppStore|iPhone.ActiveCfg = Release|Any CPU
		{F90717E3-8730-41C7-AC40-E058513B9E74}.AppStore|iPhone.Build.0 = Release|Any CPU
		{F90717E3-8730-41C7-AC40-E058513B9E74}.AppStore|iPhone.Deploy.0 = Release|Any CPU
		{F90717E3-8730-41C7-AC40-E058513B9E74}.AppStore|iPhoneSimulator.ActiveCfg = Release|Any CPU
		{F90717E3-8730-41C7-AC40-E058513B9E74}.AppStore|iPhoneSimulator.Build.0 = Release|Any CPU
		{F90717E3-8730-41C7-AC40-E058513B9E74}.AppStore|iPhoneSimulator.Deploy.0 = Release|Any CPU
		{F90717E3-8730-41C7-AC40-E058513B9E74}.AppStore|x64.ActiveCfg = Release|Any CPU
		{F90717E3-8730-41C7-AC40-E058513B9E74}.AppStore|x64.Build.0 = Release|Any CPU
		{F90717E3-8730-41C7-AC40-E058513B9E74}.AppStore|x64.Deploy.0 = Release|Any CPU
		{F90717E3-8730-41C7-AC40-E058513B9E74}.AppStore|x86.ActiveCfg = Release|Any CPU
		{F90717E3-8730-41C7-AC40-E058513B9E74}.AppStore|x86.Build.0 = Release|Any CPU
		{F90717E3-8730-41C7-AC40-E058513B9E74}.AppStore|x86.Deploy.0 = Release|Any CPU
		{F90717E3-8730-41C7-AC40-E058513B9E74}.Debug|Any CPU.ActiveCfg = Debug|Any CPU
		{F90717E3-8730-41C7-AC40-E058513B9E74}.Debug|Any CPU.Build.0 = Debug|Any CPU
		{F90717E3-8730-41C7-AC40-E058513B9E74}.Debug|Any CPU.Deploy.0 = Debug|Any CPU
		{F90717E3-8730-41C7-AC40-E058513B9E74}.Debug|ARM.ActiveCfg = Debug|Any CPU
		{F90717E3-8730-41C7-AC40-E058513B9E74}.Debug|ARM.Build.0 = Debug|Any CPU
		{F90717E3-8730-41C7-AC40-E058513B9E74}.Debug|ARM.Deploy.0 = Debug|Any CPU
		{F90717E3-8730-41C7-AC40-E058513B9E74}.Debug|iPhone.ActiveCfg = Debug|Any CPU
		{F90717E3-8730-41C7-AC40-E058513B9E74}.Debug|iPhoneSimulator.ActiveCfg = Debug|Any CPU
		{F90717E3-8730-41C7-AC40-E058513B9E74}.Debug|x64.ActiveCfg = Debug|Any CPU
		{F90717E3-8730-41C7-AC40-E058513B9E74}.Debug|x64.Build.0 = Debug|Any CPU
		{F90717E3-8730-41C7-AC40-E058513B9E74}.Debug|x64.Deploy.0 = Debug|Any CPU
		{F90717E3-8730-41C7-AC40-E058513B9E74}.Debug|x86.ActiveCfg = Debug|Any CPU
		{F90717E3-8730-41C7-AC40-E058513B9E74}.Release|Any CPU.ActiveCfg = Release|Any CPU
		{F90717E3-8730-41C7-AC40-E058513B9E74}.Release|Any CPU.Build.0 = Release|Any CPU
		{F90717E3-8730-41C7-AC40-E058513B9E74}.Release|Any CPU.Deploy.0 = Release|Any CPU
		{F90717E3-8730-41C7-AC40-E058513B9E74}.Release|ARM.ActiveCfg = Release|Any CPU
		{F90717E3-8730-41C7-AC40-E058513B9E74}.Release|ARM.Build.0 = Release|Any CPU
		{F90717E3-8730-41C7-AC40-E058513B9E74}.Release|ARM.Deploy.0 = Release|Any CPU
		{F90717E3-8730-41C7-AC40-E058513B9E74}.Release|iPhone.ActiveCfg = Release|Any CPU
		{F90717E3-8730-41C7-AC40-E058513B9E74}.Release|iPhone.Build.0 = Release|Any CPU
		{F90717E3-8730-41C7-AC40-E058513B9E74}.Release|iPhone.Deploy.0 = Release|Any CPU
		{F90717E3-8730-41C7-AC40-E058513B9E74}.Release|iPhoneSimulator.ActiveCfg = Release|Any CPU
		{F90717E3-8730-41C7-AC40-E058513B9E74}.Release|iPhoneSimulator.Build.0 = Release|Any CPU
		{F90717E3-8730-41C7-AC40-E058513B9E74}.Release|iPhoneSimulator.Deploy.0 = Release|Any CPU
		{F90717E3-8730-41C7-AC40-E058513B9E74}.Release|x64.ActiveCfg = Release|Any CPU
		{F90717E3-8730-41C7-AC40-E058513B9E74}.Release|x64.Build.0 = Release|Any CPU
		{F90717E3-8730-41C7-AC40-E058513B9E74}.Release|x64.Deploy.0 = Release|Any CPU
		{F90717E3-8730-41C7-AC40-E058513B9E74}.Release|x86.ActiveCfg = Release|Any CPU
		{F90717E3-8730-41C7-AC40-E058513B9E74}.Release|x86.Build.0 = Release|Any CPU
		{F90717E3-8730-41C7-AC40-E058513B9E74}.Release|x86.Deploy.0 = Release|Any CPU
		{EAE90240-A397-4646-91CA-5AB357C0871C}.Ad-Hoc|Any CPU.ActiveCfg = Ad-Hoc|iPhone
		{EAE90240-A397-4646-91CA-5AB357C0871C}.Ad-Hoc|Any CPU.Build.0 = Ad-Hoc|iPhone
		{EAE90240-A397-4646-91CA-5AB357C0871C}.Ad-Hoc|Any CPU.Deploy.0 = Ad-Hoc|iPhone
		{EAE90240-A397-4646-91CA-5AB357C0871C}.Ad-Hoc|ARM.ActiveCfg = Ad-Hoc|iPhone
		{EAE90240-A397-4646-91CA-5AB357C0871C}.Ad-Hoc|ARM.Build.0 = Ad-Hoc|iPhone
		{EAE90240-A397-4646-91CA-5AB357C0871C}.Ad-Hoc|ARM.Deploy.0 = Ad-Hoc|iPhone
		{EAE90240-A397-4646-91CA-5AB357C0871C}.Ad-Hoc|iPhone.ActiveCfg = Ad-Hoc|iPhone
		{EAE90240-A397-4646-91CA-5AB357C0871C}.Ad-Hoc|iPhone.Build.0 = Ad-Hoc|iPhone
		{EAE90240-A397-4646-91CA-5AB357C0871C}.Ad-Hoc|iPhone.Deploy.0 = Ad-Hoc|iPhone
		{EAE90240-A397-4646-91CA-5AB357C0871C}.Ad-Hoc|iPhoneSimulator.ActiveCfg = Ad-Hoc|iPhoneSimulator
		{EAE90240-A397-4646-91CA-5AB357C0871C}.Ad-Hoc|iPhoneSimulator.Build.0 = Ad-Hoc|iPhoneSimulator
		{EAE90240-A397-4646-91CA-5AB357C0871C}.Ad-Hoc|iPhoneSimulator.Deploy.0 = Ad-Hoc|iPhoneSimulator
		{EAE90240-A397-4646-91CA-5AB357C0871C}.Ad-Hoc|x64.ActiveCfg = Ad-Hoc|iPhone
		{EAE90240-A397-4646-91CA-5AB357C0871C}.Ad-Hoc|x64.Build.0 = Ad-Hoc|iPhone
		{EAE90240-A397-4646-91CA-5AB357C0871C}.Ad-Hoc|x64.Deploy.0 = Ad-Hoc|iPhone
		{EAE90240-A397-4646-91CA-5AB357C0871C}.Ad-Hoc|x86.ActiveCfg = Ad-Hoc|iPhone
		{EAE90240-A397-4646-91CA-5AB357C0871C}.Ad-Hoc|x86.Build.0 = Ad-Hoc|iPhone
		{EAE90240-A397-4646-91CA-5AB357C0871C}.Ad-Hoc|x86.Deploy.0 = Ad-Hoc|iPhone
		{EAE90240-A397-4646-91CA-5AB357C0871C}.AppStore|Any CPU.ActiveCfg = AppStore|iPhone
		{EAE90240-A397-4646-91CA-5AB357C0871C}.AppStore|Any CPU.Build.0 = AppStore|iPhone
		{EAE90240-A397-4646-91CA-5AB357C0871C}.AppStore|Any CPU.Deploy.0 = AppStore|iPhone
		{EAE90240-A397-4646-91CA-5AB357C0871C}.AppStore|ARM.ActiveCfg = AppStore|iPhone
		{EAE90240-A397-4646-91CA-5AB357C0871C}.AppStore|ARM.Build.0 = AppStore|iPhone
		{EAE90240-A397-4646-91CA-5AB357C0871C}.AppStore|ARM.Deploy.0 = AppStore|iPhone
		{EAE90240-A397-4646-91CA-5AB357C0871C}.AppStore|iPhone.ActiveCfg = AppStore|iPhone
		{EAE90240-A397-4646-91CA-5AB357C0871C}.AppStore|iPhone.Build.0 = AppStore|iPhone
		{EAE90240-A397-4646-91CA-5AB357C0871C}.AppStore|iPhone.Deploy.0 = AppStore|iPhone
		{EAE90240-A397-4646-91CA-5AB357C0871C}.AppStore|iPhoneSimulator.ActiveCfg = AppStore|iPhoneSimulator
		{EAE90240-A397-4646-91CA-5AB357C0871C}.AppStore|iPhoneSimulator.Build.0 = AppStore|iPhoneSimulator
		{EAE90240-A397-4646-91CA-5AB357C0871C}.AppStore|iPhoneSimulator.Deploy.0 = AppStore|iPhoneSimulator
		{EAE90240-A397-4646-91CA-5AB357C0871C}.AppStore|x64.ActiveCfg = AppStore|iPhone
		{EAE90240-A397-4646-91CA-5AB357C0871C}.AppStore|x64.Build.0 = AppStore|iPhone
		{EAE90240-A397-4646-91CA-5AB357C0871C}.AppStore|x64.Deploy.0 = AppStore|iPhone
		{EAE90240-A397-4646-91CA-5AB357C0871C}.AppStore|x86.ActiveCfg = AppStore|iPhone
		{EAE90240-A397-4646-91CA-5AB357C0871C}.AppStore|x86.Build.0 = AppStore|iPhone
		{EAE90240-A397-4646-91CA-5AB357C0871C}.AppStore|x86.Deploy.0 = AppStore|iPhone
		{EAE90240-A397-4646-91CA-5AB357C0871C}.Debug|Any CPU.ActiveCfg = Debug|iPhoneSimulator
		{EAE90240-A397-4646-91CA-5AB357C0871C}.Debug|Any CPU.Deploy.0 = Debug|iPhoneSimulator
		{EAE90240-A397-4646-91CA-5AB357C0871C}.Debug|ARM.ActiveCfg = Debug|iPhone
		{EAE90240-A397-4646-91CA-5AB357C0871C}.Debug|ARM.Build.0 = Debug|iPhone
		{EAE90240-A397-4646-91CA-5AB357C0871C}.Debug|ARM.Deploy.0 = Debug|iPhone
		{EAE90240-A397-4646-91CA-5AB357C0871C}.Debug|iPhone.ActiveCfg = Debug|iPhone
		{EAE90240-A397-4646-91CA-5AB357C0871C}.Debug|iPhone.Build.0 = Debug|iPhone
		{EAE90240-A397-4646-91CA-5AB357C0871C}.Debug|iPhone.Deploy.0 = Debug|iPhone
		{EAE90240-A397-4646-91CA-5AB357C0871C}.Debug|iPhoneSimulator.ActiveCfg = Debug|iPhoneSimulator
		{EAE90240-A397-4646-91CA-5AB357C0871C}.Debug|iPhoneSimulator.Build.0 = Debug|iPhoneSimulator
		{EAE90240-A397-4646-91CA-5AB357C0871C}.Debug|iPhoneSimulator.Deploy.0 = Debug|iPhoneSimulator
		{EAE90240-A397-4646-91CA-5AB357C0871C}.Debug|x64.ActiveCfg = Debug|iPhone
		{EAE90240-A397-4646-91CA-5AB357C0871C}.Debug|x64.Build.0 = Debug|iPhone
		{EAE90240-A397-4646-91CA-5AB357C0871C}.Debug|x64.Deploy.0 = Debug|iPhone
		{EAE90240-A397-4646-91CA-5AB357C0871C}.Debug|x86.ActiveCfg = Debug|iPhone
		{EAE90240-A397-4646-91CA-5AB357C0871C}.Debug|x86.Deploy.0 = Debug|iPhone
		{EAE90240-A397-4646-91CA-5AB357C0871C}.Release|Any CPU.ActiveCfg = Release|iPhone
		{EAE90240-A397-4646-91CA-5AB357C0871C}.Release|Any CPU.Build.0 = Release|iPhone
		{EAE90240-A397-4646-91CA-5AB357C0871C}.Release|Any CPU.Deploy.0 = Release|iPhone
		{EAE90240-A397-4646-91CA-5AB357C0871C}.Release|ARM.ActiveCfg = Release|iPhone
		{EAE90240-A397-4646-91CA-5AB357C0871C}.Release|ARM.Build.0 = Release|iPhone
		{EAE90240-A397-4646-91CA-5AB357C0871C}.Release|ARM.Deploy.0 = Release|iPhone
		{EAE90240-A397-4646-91CA-5AB357C0871C}.Release|iPhone.ActiveCfg = Release|iPhone
		{EAE90240-A397-4646-91CA-5AB357C0871C}.Release|iPhone.Build.0 = Release|iPhone
		{EAE90240-A397-4646-91CA-5AB357C0871C}.Release|iPhone.Deploy.0 = Release|iPhone
		{EAE90240-A397-4646-91CA-5AB357C0871C}.Release|iPhoneSimulator.ActiveCfg = Release|iPhoneSimulator
		{EAE90240-A397-4646-91CA-5AB357C0871C}.Release|iPhoneSimulator.Build.0 = Release|iPhoneSimulator
		{EAE90240-A397-4646-91CA-5AB357C0871C}.Release|iPhoneSimulator.Deploy.0 = Release|iPhoneSimulator
		{EAE90240-A397-4646-91CA-5AB357C0871C}.Release|x64.ActiveCfg = Release|iPhone
		{EAE90240-A397-4646-91CA-5AB357C0871C}.Release|x64.Build.0 = Release|iPhone
		{EAE90240-A397-4646-91CA-5AB357C0871C}.Release|x64.Deploy.0 = Release|iPhone
		{EAE90240-A397-4646-91CA-5AB357C0871C}.Release|x86.ActiveCfg = Release|iPhone
		{EAE90240-A397-4646-91CA-5AB357C0871C}.Release|x86.Build.0 = Release|iPhone
		{EAE90240-A397-4646-91CA-5AB357C0871C}.Release|x86.Deploy.0 = Release|iPhone
		{E5F9776E-0956-41B6-8F6C-DF92D99CFF64}.Ad-Hoc|Any CPU.ActiveCfg = Release|x86
		{E5F9776E-0956-41B6-8F6C-DF92D99CFF64}.Ad-Hoc|Any CPU.Build.0 = Release|x86
		{E5F9776E-0956-41B6-8F6C-DF92D99CFF64}.Ad-Hoc|Any CPU.Deploy.0 = Release|x86
		{E5F9776E-0956-41B6-8F6C-DF92D99CFF64}.Ad-Hoc|ARM.ActiveCfg = Release|ARM
		{E5F9776E-0956-41B6-8F6C-DF92D99CFF64}.Ad-Hoc|ARM.Build.0 = Release|ARM
		{E5F9776E-0956-41B6-8F6C-DF92D99CFF64}.Ad-Hoc|ARM.Deploy.0 = Release|ARM
		{E5F9776E-0956-41B6-8F6C-DF92D99CFF64}.Ad-Hoc|iPhone.ActiveCfg = Release|x86
		{E5F9776E-0956-41B6-8F6C-DF92D99CFF64}.Ad-Hoc|iPhone.Build.0 = Release|x86
		{E5F9776E-0956-41B6-8F6C-DF92D99CFF64}.Ad-Hoc|iPhone.Deploy.0 = Release|x86
		{E5F9776E-0956-41B6-8F6C-DF92D99CFF64}.Ad-Hoc|iPhoneSimulator.ActiveCfg = Release|x86
		{E5F9776E-0956-41B6-8F6C-DF92D99CFF64}.Ad-Hoc|iPhoneSimulator.Build.0 = Release|x86
		{E5F9776E-0956-41B6-8F6C-DF92D99CFF64}.Ad-Hoc|iPhoneSimulator.Deploy.0 = Release|x86
		{E5F9776E-0956-41B6-8F6C-DF92D99CFF64}.Ad-Hoc|x64.ActiveCfg = Release|x64
		{E5F9776E-0956-41B6-8F6C-DF92D99CFF64}.Ad-Hoc|x64.Build.0 = Release|x64
		{E5F9776E-0956-41B6-8F6C-DF92D99CFF64}.Ad-Hoc|x64.Deploy.0 = Release|x64
		{E5F9776E-0956-41B6-8F6C-DF92D99CFF64}.Ad-Hoc|x86.ActiveCfg = Release|x86
		{E5F9776E-0956-41B6-8F6C-DF92D99CFF64}.Ad-Hoc|x86.Build.0 = Release|x86
		{E5F9776E-0956-41B6-8F6C-DF92D99CFF64}.Ad-Hoc|x86.Deploy.0 = Release|x86
		{E5F9776E-0956-41B6-8F6C-DF92D99CFF64}.AppStore|Any CPU.ActiveCfg = Release|x86
		{E5F9776E-0956-41B6-8F6C-DF92D99CFF64}.AppStore|Any CPU.Build.0 = Release|x86
		{E5F9776E-0956-41B6-8F6C-DF92D99CFF64}.AppStore|Any CPU.Deploy.0 = Release|x86
		{E5F9776E-0956-41B6-8F6C-DF92D99CFF64}.AppStore|ARM.ActiveCfg = Release|ARM
		{E5F9776E-0956-41B6-8F6C-DF92D99CFF64}.AppStore|ARM.Build.0 = Release|ARM
		{E5F9776E-0956-41B6-8F6C-DF92D99CFF64}.AppStore|ARM.Deploy.0 = Release|ARM
		{E5F9776E-0956-41B6-8F6C-DF92D99CFF64}.AppStore|iPhone.ActiveCfg = Release|x86
		{E5F9776E-0956-41B6-8F6C-DF92D99CFF64}.AppStore|iPhone.Build.0 = Release|x86
		{E5F9776E-0956-41B6-8F6C-DF92D99CFF64}.AppStore|iPhone.Deploy.0 = Release|x86
		{E5F9776E-0956-41B6-8F6C-DF92D99CFF64}.AppStore|iPhoneSimulator.ActiveCfg = Release|x86
		{E5F9776E-0956-41B6-8F6C-DF92D99CFF64}.AppStore|iPhoneSimulator.Build.0 = Release|x86
		{E5F9776E-0956-41B6-8F6C-DF92D99CFF64}.AppStore|iPhoneSimulator.Deploy.0 = Release|x86
		{E5F9776E-0956-41B6-8F6C-DF92D99CFF64}.AppStore|x64.ActiveCfg = Release|x64
		{E5F9776E-0956-41B6-8F6C-DF92D99CFF64}.AppStore|x64.Build.0 = Release|x64
		{E5F9776E-0956-41B6-8F6C-DF92D99CFF64}.AppStore|x64.Deploy.0 = Release|x64
		{E5F9776E-0956-41B6-8F6C-DF92D99CFF64}.AppStore|x86.ActiveCfg = Release|x86
		{E5F9776E-0956-41B6-8F6C-DF92D99CFF64}.AppStore|x86.Build.0 = Release|x86
		{E5F9776E-0956-41B6-8F6C-DF92D99CFF64}.AppStore|x86.Deploy.0 = Release|x86
		{E5F9776E-0956-41B6-8F6C-DF92D99CFF64}.Debug|Any CPU.ActiveCfg = Debug|x86
		{E5F9776E-0956-41B6-8F6C-DF92D99CFF64}.Debug|ARM.ActiveCfg = Debug|ARM
		{E5F9776E-0956-41B6-8F6C-DF92D99CFF64}.Debug|ARM.Build.0 = Debug|ARM
		{E5F9776E-0956-41B6-8F6C-DF92D99CFF64}.Debug|ARM.Deploy.0 = Debug|ARM
		{E5F9776E-0956-41B6-8F6C-DF92D99CFF64}.Debug|iPhone.ActiveCfg = Debug|x86
		{E5F9776E-0956-41B6-8F6C-DF92D99CFF64}.Debug|iPhoneSimulator.ActiveCfg = Debug|x86
		{E5F9776E-0956-41B6-8F6C-DF92D99CFF64}.Debug|x64.ActiveCfg = Debug|x64
		{E5F9776E-0956-41B6-8F6C-DF92D99CFF64}.Debug|x64.Build.0 = Debug|x64
		{E5F9776E-0956-41B6-8F6C-DF92D99CFF64}.Debug|x64.Deploy.0 = Debug|x64
		{E5F9776E-0956-41B6-8F6C-DF92D99CFF64}.Debug|x86.ActiveCfg = Debug|x86
		{E5F9776E-0956-41B6-8F6C-DF92D99CFF64}.Debug|x86.Build.0 = Debug|x86
		{E5F9776E-0956-41B6-8F6C-DF92D99CFF64}.Debug|x86.Deploy.0 = Debug|x86
		{E5F9776E-0956-41B6-8F6C-DF92D99CFF64}.Release|Any CPU.ActiveCfg = Release|x86
		{E5F9776E-0956-41B6-8F6C-DF92D99CFF64}.Release|Any CPU.Build.0 = Release|x86
		{E5F9776E-0956-41B6-8F6C-DF92D99CFF64}.Release|Any CPU.Deploy.0 = Release|x86
		{E5F9776E-0956-41B6-8F6C-DF92D99CFF64}.Release|ARM.ActiveCfg = Release|ARM
		{E5F9776E-0956-41B6-8F6C-DF92D99CFF64}.Release|ARM.Build.0 = Release|ARM
		{E5F9776E-0956-41B6-8F6C-DF92D99CFF64}.Release|ARM.Deploy.0 = Release|ARM
		{E5F9776E-0956-41B6-8F6C-DF92D99CFF64}.Release|iPhone.ActiveCfg = Release|x86
		{E5F9776E-0956-41B6-8F6C-DF92D99CFF64}.Release|iPhone.Build.0 = Release|x86
		{E5F9776E-0956-41B6-8F6C-DF92D99CFF64}.Release|iPhone.Deploy.0 = Release|x86
		{E5F9776E-0956-41B6-8F6C-DF92D99CFF64}.Release|iPhoneSimulator.ActiveCfg = Release|x86
		{E5F9776E-0956-41B6-8F6C-DF92D99CFF64}.Release|iPhoneSimulator.Build.0 = Release|x86
		{E5F9776E-0956-41B6-8F6C-DF92D99CFF64}.Release|iPhoneSimulator.Deploy.0 = Release|x86
		{E5F9776E-0956-41B6-8F6C-DF92D99CFF64}.Release|x64.ActiveCfg = Release|x64
		{E5F9776E-0956-41B6-8F6C-DF92D99CFF64}.Release|x64.Build.0 = Release|x64
		{E5F9776E-0956-41B6-8F6C-DF92D99CFF64}.Release|x64.Deploy.0 = Release|x64
		{E5F9776E-0956-41B6-8F6C-DF92D99CFF64}.Release|x86.ActiveCfg = Release|x86
		{E5F9776E-0956-41B6-8F6C-DF92D99CFF64}.Release|x86.Build.0 = Release|x86
		{E5F9776E-0956-41B6-8F6C-DF92D99CFF64}.Release|x86.Deploy.0 = Release|x86
		{C28FB65C-66E4-4535-BE49-5C07D5424561}.Ad-Hoc|Any CPU.ActiveCfg = Debug|Any CPU
		{C28FB65C-66E4-4535-BE49-5C07D5424561}.Ad-Hoc|Any CPU.Build.0 = Debug|Any CPU
		{C28FB65C-66E4-4535-BE49-5C07D5424561}.Ad-Hoc|Any CPU.Deploy.0 = Debug|Any CPU
		{C28FB65C-66E4-4535-BE49-5C07D5424561}.Ad-Hoc|ARM.ActiveCfg = Debug|Any CPU
		{C28FB65C-66E4-4535-BE49-5C07D5424561}.Ad-Hoc|ARM.Build.0 = Debug|Any CPU
		{C28FB65C-66E4-4535-BE49-5C07D5424561}.Ad-Hoc|ARM.Deploy.0 = Debug|Any CPU
		{C28FB65C-66E4-4535-BE49-5C07D5424561}.Ad-Hoc|iPhone.ActiveCfg = Debug|Any CPU
		{C28FB65C-66E4-4535-BE49-5C07D5424561}.Ad-Hoc|iPhone.Build.0 = Debug|Any CPU
		{C28FB65C-66E4-4535-BE49-5C07D5424561}.Ad-Hoc|iPhone.Deploy.0 = Debug|Any CPU
		{C28FB65C-66E4-4535-BE49-5C07D5424561}.Ad-Hoc|iPhoneSimulator.ActiveCfg = Debug|Any CPU
		{C28FB65C-66E4-4535-BE49-5C07D5424561}.Ad-Hoc|iPhoneSimulator.Build.0 = Debug|Any CPU
		{C28FB65C-66E4-4535-BE49-5C07D5424561}.Ad-Hoc|iPhoneSimulator.Deploy.0 = Debug|Any CPU
		{C28FB65C-66E4-4535-BE49-5C07D5424561}.Ad-Hoc|x64.ActiveCfg = Debug|Any CPU
		{C28FB65C-66E4-4535-BE49-5C07D5424561}.Ad-Hoc|x64.Build.0 = Debug|Any CPU
		{C28FB65C-66E4-4535-BE49-5C07D5424561}.Ad-Hoc|x64.Deploy.0 = Debug|Any CPU
		{C28FB65C-66E4-4535-BE49-5C07D5424561}.Ad-Hoc|x86.ActiveCfg = Debug|Any CPU
		{C28FB65C-66E4-4535-BE49-5C07D5424561}.Ad-Hoc|x86.Build.0 = Debug|Any CPU
		{C28FB65C-66E4-4535-BE49-5C07D5424561}.Ad-Hoc|x86.Deploy.0 = Debug|Any CPU
		{C28FB65C-66E4-4535-BE49-5C07D5424561}.AppStore|Any CPU.ActiveCfg = Debug|Any CPU
		{C28FB65C-66E4-4535-BE49-5C07D5424561}.AppStore|Any CPU.Build.0 = Debug|Any CPU
		{C28FB65C-66E4-4535-BE49-5C07D5424561}.AppStore|Any CPU.Deploy.0 = Debug|Any CPU
		{C28FB65C-66E4-4535-BE49-5C07D5424561}.AppStore|ARM.ActiveCfg = Debug|Any CPU
		{C28FB65C-66E4-4535-BE49-5C07D5424561}.AppStore|ARM.Build.0 = Debug|Any CPU
		{C28FB65C-66E4-4535-BE49-5C07D5424561}.AppStore|ARM.Deploy.0 = Debug|Any CPU
		{C28FB65C-66E4-4535-BE49-5C07D5424561}.AppStore|iPhone.ActiveCfg = Debug|Any CPU
		{C28FB65C-66E4-4535-BE49-5C07D5424561}.AppStore|iPhone.Build.0 = Debug|Any CPU
		{C28FB65C-66E4-4535-BE49-5C07D5424561}.AppStore|iPhone.Deploy.0 = Debug|Any CPU
		{C28FB65C-66E4-4535-BE49-5C07D5424561}.AppStore|iPhoneSimulator.ActiveCfg = Debug|Any CPU
		{C28FB65C-66E4-4535-BE49-5C07D5424561}.AppStore|iPhoneSimulator.Build.0 = Debug|Any CPU
		{C28FB65C-66E4-4535-BE49-5C07D5424561}.AppStore|iPhoneSimulator.Deploy.0 = Debug|Any CPU
		{C28FB65C-66E4-4535-BE49-5C07D5424561}.AppStore|x64.ActiveCfg = Debug|Any CPU
		{C28FB65C-66E4-4535-BE49-5C07D5424561}.AppStore|x64.Build.0 = Debug|Any CPU
		{C28FB65C-66E4-4535-BE49-5C07D5424561}.AppStore|x64.Deploy.0 = Debug|Any CPU
		{C28FB65C-66E4-4535-BE49-5C07D5424561}.AppStore|x86.ActiveCfg = Debug|Any CPU
		{C28FB65C-66E4-4535-BE49-5C07D5424561}.AppStore|x86.Build.0 = Debug|Any CPU
		{C28FB65C-66E4-4535-BE49-5C07D5424561}.AppStore|x86.Deploy.0 = Debug|Any CPU
		{C28FB65C-66E4-4535-BE49-5C07D5424561}.Debug|Any CPU.ActiveCfg = Debug|Any CPU
		{C28FB65C-66E4-4535-BE49-5C07D5424561}.Debug|Any CPU.Build.0 = Debug|Any CPU
		{C28FB65C-66E4-4535-BE49-5C07D5424561}.Debug|Any CPU.Deploy.0 = Debug|Any CPU
		{C28FB65C-66E4-4535-BE49-5C07D5424561}.Debug|ARM.ActiveCfg = Debug|Any CPU
		{C28FB65C-66E4-4535-BE49-5C07D5424561}.Debug|ARM.Build.0 = Debug|Any CPU
		{C28FB65C-66E4-4535-BE49-5C07D5424561}.Debug|ARM.Deploy.0 = Debug|Any CPU
		{C28FB65C-66E4-4535-BE49-5C07D5424561}.Debug|iPhone.ActiveCfg = Debug|Any CPU
		{C28FB65C-66E4-4535-BE49-5C07D5424561}.Debug|iPhone.Build.0 = Debug|Any CPU
		{C28FB65C-66E4-4535-BE49-5C07D5424561}.Debug|iPhone.Deploy.0 = Debug|Any CPU
		{C28FB65C-66E4-4535-BE49-5C07D5424561}.Debug|iPhoneSimulator.ActiveCfg = Debug|Any CPU
		{C28FB65C-66E4-4535-BE49-5C07D5424561}.Debug|iPhoneSimulator.Build.0 = Debug|Any CPU
		{C28FB65C-66E4-4535-BE49-5C07D5424561}.Debug|iPhoneSimulator.Deploy.0 = Debug|Any CPU
		{C28FB65C-66E4-4535-BE49-5C07D5424561}.Debug|x64.ActiveCfg = Debug|Any CPU
		{C28FB65C-66E4-4535-BE49-5C07D5424561}.Debug|x64.Build.0 = Debug|Any CPU
		{C28FB65C-66E4-4535-BE49-5C07D5424561}.Debug|x64.Deploy.0 = Debug|Any CPU
		{C28FB65C-66E4-4535-BE49-5C07D5424561}.Debug|x86.ActiveCfg = Debug|Any CPU
		{C28FB65C-66E4-4535-BE49-5C07D5424561}.Debug|x86.Build.0 = Debug|Any CPU
		{C28FB65C-66E4-4535-BE49-5C07D5424561}.Debug|x86.Deploy.0 = Debug|Any CPU
		{C28FB65C-66E4-4535-BE49-5C07D5424561}.Release|Any CPU.ActiveCfg = Release|Any CPU
		{C28FB65C-66E4-4535-BE49-5C07D5424561}.Release|Any CPU.Build.0 = Release|Any CPU
		{C28FB65C-66E4-4535-BE49-5C07D5424561}.Release|Any CPU.Deploy.0 = Release|Any CPU
		{C28FB65C-66E4-4535-BE49-5C07D5424561}.Release|ARM.ActiveCfg = Release|Any CPU
		{C28FB65C-66E4-4535-BE49-5C07D5424561}.Release|ARM.Build.0 = Release|Any CPU
		{C28FB65C-66E4-4535-BE49-5C07D5424561}.Release|ARM.Deploy.0 = Release|Any CPU
		{C28FB65C-66E4-4535-BE49-5C07D5424561}.Release|iPhone.ActiveCfg = Release|Any CPU
		{C28FB65C-66E4-4535-BE49-5C07D5424561}.Release|iPhone.Build.0 = Release|Any CPU
		{C28FB65C-66E4-4535-BE49-5C07D5424561}.Release|iPhone.Deploy.0 = Release|Any CPU
		{C28FB65C-66E4-4535-BE49-5C07D5424561}.Release|iPhoneSimulator.ActiveCfg = Release|Any CPU
		{C28FB65C-66E4-4535-BE49-5C07D5424561}.Release|iPhoneSimulator.Build.0 = Release|Any CPU
		{C28FB65C-66E4-4535-BE49-5C07D5424561}.Release|iPhoneSimulator.Deploy.0 = Release|Any CPU
		{C28FB65C-66E4-4535-BE49-5C07D5424561}.Release|x64.ActiveCfg = Release|Any CPU
		{C28FB65C-66E4-4535-BE49-5C07D5424561}.Release|x64.Build.0 = Release|Any CPU
		{C28FB65C-66E4-4535-BE49-5C07D5424561}.Release|x64.Deploy.0 = Release|Any CPU
		{C28FB65C-66E4-4535-BE49-5C07D5424561}.Release|x86.ActiveCfg = Release|Any CPU
		{C28FB65C-66E4-4535-BE49-5C07D5424561}.Release|x86.Build.0 = Release|Any CPU
		{C28FB65C-66E4-4535-BE49-5C07D5424561}.Release|x86.Deploy.0 = Release|Any CPU
	EndGlobalSection
	GlobalSection(SolutionProperties) = preSolution
		HideSolutionNode = FALSE
	EndGlobalSection
	GlobalSection(ExtensibilityGlobals) = postSolution
		SolutionGuid = {634AB0A1-F794-4AE8-BCA3-794058ED5FEE}
	EndGlobalSection
EndGlobal
